<?xml version="1.0" encoding="UTF-8"?>
<!DOCTYPE plist PUBLIC "-//Apple//DTD PLIST 1.0//EN" "http://www.apple.com/DTDs/PropertyList-1.0.dtd">
<plist version="1.0">
<dict>
	<key>INFOPLIST_KEY_NSCameraUsageDescription</key>
	<string>PushUnlock needs camera access to count your push-ups using pose detection.</string>
	<key>archiveVersion</key>
	<string>1</string>
	<key>classes</key>
	<dict/>
	<key>objectVersion</key>
	<string>77</string>
	<key>objects</key>
	<dict>
		<key>6549FD762EAD4F5900FB79B7</key>
		<dict>
			<key>children</key>
			<array>
				<string>6549FD812EAD4F5900FB79B7</string>
				<string>6549FD902EAD4F5A00FB79B7</string>
				<string>6549FD9A2EAD4F5A00FB79B7</string>
				<string>6549FD802EAD4F5900FB79B7</string>
			</array>
			<key>isa</key>
			<string>PBXGroup</string>
			<key>sourceTree</key>
			<string>&lt;group&gt;</string>
		</dict>
		<key>6549FD772EAD4F5900FB79B7</key>
		<dict>
			<key>attributes</key>
			<dict>
				<key>BuildIndependentTargetsInParallel</key>
				<string>1</string>
				<key>LastSwiftUpdateCheck</key>
				<string>1630</string>
				<key>LastUpgradeCheck</key>
				<string>1630</string>
				<key>TargetAttributes</key>
				<dict>
					<key>6549FD7E2EAD4F5900FB79B7</key>
					<dict>
						<key>CreatedOnToolsVersion</key>
						<string>16.3</string>
					</dict>
					<key>6549FD8C2EAD4F5A00FB79B7</key>
					<dict>
						<key>CreatedOnToolsVersion</key>
						<string>16.3</string>
						<key>TestTargetID</key>
						<string>6549FD7E2EAD4F5900FB79B7</string>
					</dict>
					<key>6549FD962EAD4F5A00FB79B7</key>
					<dict>
						<key>CreatedOnToolsVersion</key>
						<string>16.3</string>
						<key>TestTargetID</key>
						<string>6549FD7E2EAD4F5900FB79B7</string>
					</dict>
				</dict>
			</dict>
			<key>buildConfigurationList</key>
			<string>6549FD7A2EAD4F5900FB79B7</string>
			<key>developmentRegion</key>
			<string>en</string>
			<key>hasScannedForEncodings</key>
			<string>0</string>
			<key>isa</key>
			<string>PBXProject</string>
			<key>knownRegions</key>
			<array>
				<string>en</string>
				<string>Base</string>
			</array>
			<key>mainGroup</key>
			<string>6549FD762EAD4F5900FB79B7</string>
			<key>minimizedProjectReferenceProxies</key>
			<string>1</string>
			<key>preferredProjectObjectVersion</key>
			<string>77</string>
			<key>productRefGroup</key>
			<string>6549FD802EAD4F5900FB79B7</string>
			<key>projectDirPath</key>
			<string></string>
			<key>projectRoot</key>
			<string></string>
			<key>targets</key>
			<array>
				<string>6549FD7E2EAD4F5900FB79B7</string>
				<string>6549FD8C2EAD4F5A00FB79B7</string>
				<string>6549FD962EAD4F5A00FB79B7</string>
			</array>
		</dict>
		<key>6549FD7A2EAD4F5900FB79B7</key>
		<dict>
			<key>buildConfigurations</key>
			<array>
				<string>6549FD9F2EAD4F5A00FB79B7</string>
				<string>6549FDA02EAD4F5A00FB79B7</string>
			</array>
			<key>defaultConfigurationIsVisible</key>
			<string>0</string>
			<key>defaultConfigurationName</key>
			<string>Release</string>
			<key>isa</key>
			<string>XCConfigurationList</string>
		</dict>
		<key>6549FD7B2EAD4F5900FB79B7</key>
		<dict>
			<key>buildActionMask</key>
			<string>2147483647</string>
			<key>files</key>
			<array/>
			<key>isa</key>
			<string>PBXSourcesBuildPhase</string>
			<key>runOnlyForDeploymentPostprocessing</key>
			<string>0</string>
		</dict>
		<key>6549FD7C2EAD4F5900FB79B7</key>
		<dict>
			<key>buildActionMask</key>
			<string>2147483647</string>
			<key>files</key>
			<array/>
			<key>isa</key>
			<string>PBXFrameworksBuildPhase</string>
			<key>runOnlyForDeploymentPostprocessing</key>
			<string>0</string>
		</dict>
		<key>6549FD7D2EAD4F5900FB79B7</key>
		<dict>
			<key>buildActionMask</key>
			<string>2147483647</string>
			<key>files</key>
			<array/>
			<key>isa</key>
			<string>PBXResourcesBuildPhase</string>
			<key>runOnlyForDeploymentPostprocessing</key>
			<string>0</string>
		</dict>
		<key>6549FD7E2EAD4F5900FB79B7</key>
		<dict>
			<key>buildConfigurationList</key>
			<string>6549FDA12EAD4F5A00FB79B7</string>
			<key>buildPhases</key>
			<array>
				<string>6549FD7B2EAD4F5900FB79B7</string>
				<string>6549FD7C2EAD4F5900FB79B7</string>
				<string>6549FD7D2EAD4F5900FB79B7</string>
			</array>
			<key>buildRules</key>
			<array/>
			<key>dependencies</key>
			<array/>
			<key>fileSystemSynchronizedGroups</key>
			<array>
				<string>6549FD812EAD4F5900FB79B7</string>
			</array>
			<key>isa</key>
			<string>PBXNativeTarget</string>
			<key>name</key>
			<string>pushapp-lock</string>
			<key>packageProductDependencies</key>
			<array/>
			<key>productName</key>
			<string>pushapp-lock</string>
			<key>productReference</key>
			<string>6549FD7F2EAD4F5900FB79B7</string>
			<key>productType</key>
			<string>com.apple.product-type.application</string>
		</dict>
		<key>6549FD7F2EAD4F5900FB79B7</key>
		<dict>
			<key>explicitFileType</key>
			<string>wrapper.application</string>
			<key>includeInIndex</key>
			<string>0</string>
			<key>isa</key>
			<string>PBXFileReference</string>
			<key>path</key>
			<string>pushapp-lock.app</string>
			<key>sourceTree</key>
			<string>BUILT_PRODUCTS_DIR</string>
		</dict>
		<key>6549FD802EAD4F5900FB79B7</key>
		<dict>
			<key>children</key>
			<array>
				<string>6549FD7F2EAD4F5900FB79B7</string>
				<string>6549FD8D2EAD4F5A00FB79B7</string>
				<string>6549FD972EAD4F5A00FB79B7</string>
			</array>
			<key>isa</key>
			<string>PBXGroup</string>
			<key>name</key>
			<string>Products</string>
			<key>sourceTree</key>
			<string>&lt;group&gt;</string>
		</dict>
		<key>6549FD812EAD4F5900FB79B7</key>
		<dict>
			<key>isa</key>
			<string>PBXFileSystemSynchronizedRootGroup</string>
			<key>path</key>
			<string>pushapp-lock</string>
			<key>sourceTree</key>
			<string>&lt;group&gt;</string>
		</dict>
		<key>6549FD892EAD4F5A00FB79B7</key>
		<dict>
			<key>buildActionMask</key>
			<string>2147483647</string>
			<key>files</key>
			<array/>
			<key>isa</key>
			<string>PBXSourcesBuildPhase</string>
			<key>runOnlyForDeploymentPostprocessing</key>
			<string>0</string>
		</dict>
		<key>6549FD8A2EAD4F5A00FB79B7</key>
		<dict>
			<key>buildActionMask</key>
			<string>2147483647</string>
			<key>files</key>
			<array/>
			<key>isa</key>
			<string>PBXFrameworksBuildPhase</string>
			<key>runOnlyForDeploymentPostprocessing</key>
			<string>0</string>
		</dict>
		<key>6549FD8B2EAD4F5A00FB79B7</key>
		<dict>
			<key>buildActionMask</key>
			<string>2147483647</string>
			<key>files</key>
			<array/>
			<key>isa</key>
			<string>PBXResourcesBuildPhase</string>
			<key>runOnlyForDeploymentPostprocessing</key>
			<string>0</string>
		</dict>
		<key>6549FD8C2EAD4F5A00FB79B7</key>
		<dict>
			<key>buildConfigurationList</key>
			<string>6549FDA42EAD4F5A00FB79B7</string>
			<key>buildPhases</key>
			<array>
				<string>6549FD892EAD4F5A00FB79B7</string>
				<string>6549FD8A2EAD4F5A00FB79B7</string>
				<string>6549FD8B2EAD4F5A00FB79B7</string>
			</array>
			<key>buildRules</key>
			<array/>
			<key>dependencies</key>
			<array>
				<string>6549FD8F2EAD4F5A00FB79B7</string>
			</array>
			<key>fileSystemSynchronizedGroups</key>
			<array>
				<string>6549FD902EAD4F5A00FB79B7</string>
			</array>
			<key>isa</key>
			<string>PBXNativeTarget</string>
			<key>name</key>
			<string>pushapp-lockTests</string>
			<key>packageProductDependencies</key>
			<array/>
			<key>productName</key>
			<string>pushapp-lockTests</string>
			<key>productReference</key>
			<string>6549FD8D2EAD4F5A00FB79B7</string>
			<key>productType</key>
			<string>com.apple.product-type.bundle.unit-test</string>
		</dict>
		<key>6549FD8D2EAD4F5A00FB79B7</key>
		<dict>
			<key>explicitFileType</key>
			<string>wrapper.cfbundle</string>
			<key>includeInIndex</key>
			<string>0</string>
			<key>isa</key>
			<string>PBXFileReference</string>
			<key>path</key>
			<string>pushapp-lockTests.xctest</string>
			<key>sourceTree</key>
			<string>BUILT_PRODUCTS_DIR</string>
		</dict>
		<key>6549FD8E2EAD4F5A00FB79B7</key>
		<dict>
			<key>containerPortal</key>
			<string>6549FD772EAD4F5900FB79B7</string>
			<key>isa</key>
			<string>PBXContainerItemProxy</string>
			<key>proxyType</key>
			<string>1</string>
			<key>remoteGlobalIDString</key>
			<string>6549FD7E2EAD4F5900FB79B7</string>
			<key>remoteInfo</key>
			<string>pushapp-lock</string>
		</dict>
		<key>6549FD8F2EAD4F5A00FB79B7</key>
		<dict>
			<key>isa</key>
			<string>PBXTargetDependency</string>
			<key>target</key>
			<string>6549FD7E2EAD4F5900FB79B7</string>
			<key>targetProxy</key>
			<string>6549FD8E2EAD4F5A00FB79B7</string>
		</dict>
		<key>6549FD902EAD4F5A00FB79B7</key>
		<dict>
			<key>isa</key>
			<string>PBXFileSystemSynchronizedRootGroup</string>
			<key>path</key>
			<string>pushapp-lockTests</string>
			<key>sourceTree</key>
			<string>&lt;group&gt;</string>
		</dict>
		<key>6549FD932EAD4F5A00FB79B7</key>
		<dict>
			<key>buildActionMask</key>
			<string>2147483647</string>
			<key>files</key>
			<array/>
			<key>isa</key>
			<string>PBXSourcesBuildPhase</string>
			<key>runOnlyForDeploymentPostprocessing</key>
			<string>0</string>
		</dict>
		<key>6549FD942EAD4F5A00FB79B7</key>
		<dict>
			<key>buildActionMask</key>
			<string>2147483647</string>
			<key>files</key>
			<array/>
			<key>isa</key>
			<string>PBXFrameworksBuildPhase</string>
			<key>runOnlyForDeploymentPostprocessing</key>
			<string>0</string>
		</dict>
		<key>6549FD952EAD4F5A00FB79B7</key>
		<dict>
			<key>buildActionMask</key>
			<string>2147483647</string>
			<key>files</key>
			<array/>
			<key>isa</key>
			<string>PBXResourcesBuildPhase</string>
			<key>runOnlyForDeploymentPostprocessing</key>
			<string>0</string>
		</dict>
		<key>6549FD962EAD4F5A00FB79B7</key>
		<dict>
			<key>buildConfigurationList</key>
			<string>6549FDA72EAD4F5A00FB79B7</string>
			<key>buildPhases</key>
			<array>
				<string>6549FD932EAD4F5A00FB79B7</string>
				<string>6549FD942EAD4F5A00FB79B7</string>
				<string>6549FD952EAD4F5A00FB79B7</string>
			</array>
			<key>buildRules</key>
			<array/>
			<key>dependencies</key>
			<array>
				<string>6549FD992EAD4F5A00FB79B7</string>
			</array>
			<key>fileSystemSynchronizedGroups</key>
			<array>
				<string>6549FD9A2EAD4F5A00FB79B7</string>
			</array>
			<key>isa</key>
			<string>PBXNativeTarget</string>
			<key>name</key>
			<string>pushapp-lockUITests</string>
			<key>packageProductDependencies</key>
			<array/>
			<key>productName</key>
			<string>pushapp-lockUITests</string>
			<key>productReference</key>
			<string>6549FD972EAD4F5A00FB79B7</string>
			<key>productType</key>
			<string>com.apple.product-type.bundle.ui-testing</string>
		</dict>
		<key>6549FD972EAD4F5A00FB79B7</key>
		<dict>
			<key>explicitFileType</key>
			<string>wrapper.cfbundle</string>
			<key>includeInIndex</key>
			<string>0</string>
			<key>isa</key>
			<string>PBXFileReference</string>
			<key>path</key>
			<string>pushapp-lockUITests.xctest</string>
			<key>sourceTree</key>
			<string>BUILT_PRODUCTS_DIR</string>
		</dict>
		<key>6549FD982EAD4F5A00FB79B7</key>
		<dict>
			<key>containerPortal</key>
			<string>6549FD772EAD4F5900FB79B7</string>
			<key>isa</key>
			<string>PBXContainerItemProxy</string>
			<key>proxyType</key>
			<string>1</string>
			<key>remoteGlobalIDString</key>
			<string>6549FD7E2EAD4F5900FB79B7</string>
			<key>remoteInfo</key>
			<string>pushapp-lock</string>
		</dict>
		<key>6549FD992EAD4F5A00FB79B7</key>
		<dict>
			<key>isa</key>
			<string>PBXTargetDependency</string>
			<key>target</key>
			<string>6549FD7E2EAD4F5900FB79B7</string>
			<key>targetProxy</key>
			<string>6549FD982EAD4F5A00FB79B7</string>
		</dict>
		<key>6549FD9A2EAD4F5A00FB79B7</key>
		<dict>
			<key>isa</key>
			<string>PBXFileSystemSynchronizedRootGroup</string>
			<key>path</key>
			<string>pushapp-lockUITests</string>
			<key>sourceTree</key>
			<string>&lt;group&gt;</string>
		</dict>
		<key>6549FD9F2EAD4F5A00FB79B7</key>
		<dict>
			<key>buildSettings</key>
			<dict>
				<key>ALWAYS_SEARCH_USER_PATHS</key>
				<string>NO</string>
				<key>ASSETCATALOG_COMPILER_GENERATE_SWIFT_ASSET_SYMBOL_EXTENSIONS</key>
				<string>YES</string>
				<key>CLANG_ANALYZER_NONNULL</key>
				<string>YES</string>
				<key>CLANG_ANALYZER_NUMBER_OBJECT_CONVERSION</key>
				<string>YES_AGGRESSIVE</string>
				<key>CLANG_CXX_LANGUAGE_STANDARD</key>
				<string>gnu++20</string>
				<key>CLANG_ENABLE_MODULES</key>
				<string>YES</string>
				<key>CLANG_ENABLE_OBJC_ARC</key>
				<string>YES</string>
				<key>CLANG_ENABLE_OBJC_WEAK</key>
				<string>YES</string>
				<key>CLANG_WARN_BLOCK_CAPTURE_AUTORELEASING</key>
				<string>YES</string>
				<key>CLANG_WARN_BOOL_CONVERSION</key>
				<string>YES</string>
				<key>CLANG_WARN_COMMA</key>
				<string>YES</string>
				<key>CLANG_WARN_CONSTANT_CONVERSION</key>
				<string>YES</string>
				<key>CLANG_WARN_DEPRECATED_OBJC_IMPLEMENTATIONS</key>
				<string>YES</string>
				<key>CLANG_WARN_DIRECT_OBJC_ISA_USAGE</key>
				<string>YES_ERROR</string>
				<key>CLANG_WARN_DOCUMENTATION_COMMENTS</key>
				<string>YES</string>
				<key>CLANG_WARN_EMPTY_BODY</key>
				<string>YES</string>
				<key>CLANG_WARN_ENUM_CONVERSION</key>
				<string>YES</string>
				<key>CLANG_WARN_INFINITE_RECURSION</key>
				<string>YES</string>
				<key>CLANG_WARN_INT_CONVERSION</key>
				<string>YES</string>
				<key>CLANG_WARN_NON_LITERAL_NULL_CONVERSION</key>
				<string>YES</string>
				<key>CLANG_WARN_OBJC_IMPLICIT_RETAIN_SELF</key>
				<string>YES</string>
				<key>CLANG_WARN_OBJC_LITERAL_CONVERSION</key>
				<string>YES</string>
				<key>CLANG_WARN_OBJC_ROOT_CLASS</key>
				<string>YES_ERROR</string>
				<key>CLANG_WARN_QUOTED_INCLUDE_IN_FRAMEWORK_HEADER</key>
				<string>YES</string>
				<key>CLANG_WARN_RANGE_LOOP_ANALYSIS</key>
				<string>YES</string>
				<key>CLANG_WARN_STRICT_PROTOTYPES</key>
				<string>YES</string>
				<key>CLANG_WARN_SUSPICIOUS_MOVE</key>
				<string>YES</string>
				<key>CLANG_WARN_UNGUARDED_AVAILABILITY</key>
				<string>YES_AGGRESSIVE</string>
				<key>CLANG_WARN_UNREACHABLE_CODE</key>
				<string>YES</string>
				<key>CLANG_WARN__DUPLICATE_METHOD_MATCH</key>
				<string>YES</string>
				<key>COPY_PHASE_STRIP</key>
				<string>NO</string>
				<key>DEBUG_INFORMATION_FORMAT</key>
				<string>dwarf</string>
				<key>ENABLE_STRICT_OBJC_MSGSEND</key>
				<string>YES</string>
				<key>ENABLE_TESTABILITY</key>
				<string>YES</string>
				<key>ENABLE_USER_SCRIPT_SANDBOXING</key>
				<string>YES</string>
				<key>GCC_C_LANGUAGE_STANDARD</key>
				<string>gnu17</string>
				<key>GCC_DYNAMIC_NO_PIC</key>
				<string>NO</string>
				<key>GCC_NO_COMMON_BLOCKS</key>
				<string>YES</string>
				<key>GCC_OPTIMIZATION_LEVEL</key>
				<string>0</string>
				<key>GCC_PREPROCESSOR_DEFINITIONS</key>
				<array>
					<string>DEBUG=1</string>
					<string>$(inherited)</string>
				</array>
				<key>GCC_WARN_64_TO_32_BIT_CONVERSION</key>
				<string>YES</string>
				<key>GCC_WARN_ABOUT_RETURN_TYPE</key>
				<string>YES_ERROR</string>
				<key>GCC_WARN_UNDECLARED_SELECTOR</key>
				<string>YES</string>
				<key>GCC_WARN_UNINITIALIZED_AUTOS</key>
				<string>YES_AGGRESSIVE</string>
				<key>GCC_WARN_UNUSED_FUNCTION</key>
				<string>YES</string>
				<key>GCC_WARN_UNUSED_VARIABLE</key>
				<string>YES</string>
				<key>LOCALIZATION_PREFERS_STRING_CATALOGS</key>
				<string>YES</string>
				<key>MTL_ENABLE_DEBUG_INFO</key>
				<string>INCLUDE_SOURCE</string>
				<key>MTL_FAST_MATH</key>
				<string>YES</string>
				<key>ONLY_ACTIVE_ARCH</key>
				<string>YES</string>
				<key>SWIFT_ACTIVE_COMPILATION_CONDITIONS</key>
				<string>DEBUG $(inherited)</string>
				<key>SWIFT_OPTIMIZATION_LEVEL</key>
				<string>-Onone</string>
			</dict>
			<key>isa</key>
			<string>XCBuildConfiguration</string>
			<key>name</key>
			<string>Debug</string>
		</dict>
		<key>6549FDA02EAD4F5A00FB79B7</key>
		<dict>
			<key>buildSettings</key>
			<dict>
				<key>ALWAYS_SEARCH_USER_PATHS</key>
				<string>NO</string>
				<key>ASSETCATALOG_COMPILER_GENERATE_SWIFT_ASSET_SYMBOL_EXTENSIONS</key>
				<string>YES</string>
				<key>CLANG_ANALYZER_NONNULL</key>
				<string>YES</string>
				<key>CLANG_ANALYZER_NUMBER_OBJECT_CONVERSION</key>
				<string>YES_AGGRESSIVE</string>
				<key>CLANG_CXX_LANGUAGE_STANDARD</key>
				<string>gnu++20</string>
				<key>CLANG_ENABLE_MODULES</key>
				<string>YES</string>
				<key>CLANG_ENABLE_OBJC_ARC</key>
				<string>YES</string>
				<key>CLANG_ENABLE_OBJC_WEAK</key>
				<string>YES</string>
				<key>CLANG_WARN_BLOCK_CAPTURE_AUTORELEASING</key>
				<string>YES</string>
				<key>CLANG_WARN_BOOL_CONVERSION</key>
				<string>YES</string>
				<key>CLANG_WARN_COMMA</key>
				<string>YES</string>
				<key>CLANG_WARN_CONSTANT_CONVERSION</key>
				<string>YES</string>
				<key>CLANG_WARN_DEPRECATED_OBJC_IMPLEMENTATIONS</key>
				<string>YES</string>
				<key>CLANG_WARN_DIRECT_OBJC_ISA_USAGE</key>
				<string>YES_ERROR</string>
				<key>CLANG_WARN_DOCUMENTATION_COMMENTS</key>
				<string>YES</string>
				<key>CLANG_WARN_EMPTY_BODY</key>
				<string>YES</string>
				<key>CLANG_WARN_ENUM_CONVERSION</key>
				<string>YES</string>
				<key>CLANG_WARN_INFINITE_RECURSION</key>
				<string>YES</string>
				<key>CLANG_WARN_INT_CONVERSION</key>
				<string>YES</string>
				<key>CLANG_WARN_NON_LITERAL_NULL_CONVERSION</key>
				<string>YES</string>
				<key>CLANG_WARN_OBJC_IMPLICIT_RETAIN_SELF</key>
				<string>YES</string>
				<key>CLANG_WARN_OBJC_LITERAL_CONVERSION</key>
				<string>YES</string>
				<key>CLANG_WARN_OBJC_ROOT_CLASS</key>
				<string>YES_ERROR</string>
				<key>CLANG_WARN_QUOTED_INCLUDE_IN_FRAMEWORK_HEADER</key>
				<string>YES</string>
				<key>CLANG_WARN_RANGE_LOOP_ANALYSIS</key>
				<string>YES</string>
				<key>CLANG_WARN_STRICT_PROTOTYPES</key>
				<string>YES</string>
				<key>CLANG_WARN_SUSPICIOUS_MOVE</key>
				<string>YES</string>
				<key>CLANG_WARN_UNGUARDED_AVAILABILITY</key>
				<string>YES_AGGRESSIVE</string>
				<key>CLANG_WARN_UNREACHABLE_CODE</key>
				<string>YES</string>
				<key>CLANG_WARN__DUPLICATE_METHOD_MATCH</key>
				<string>YES</string>
				<key>COPY_PHASE_STRIP</key>
				<string>NO</string>
				<key>DEBUG_INFORMATION_FORMAT</key>
				<string>dwarf-with-dsym</string>
				<key>ENABLE_NS_ASSERTIONS</key>
				<string>NO</string>
				<key>ENABLE_STRICT_OBJC_MSGSEND</key>
				<string>YES</string>
				<key>ENABLE_USER_SCRIPT_SANDBOXING</key>
				<string>YES</string>
				<key>GCC_C_LANGUAGE_STANDARD</key>
				<string>gnu17</string>
				<key>GCC_NO_COMMON_BLOCKS</key>
				<string>YES</string>
				<key>GCC_WARN_64_TO_32_BIT_CONVERSION</key>
				<string>YES</string>
				<key>GCC_WARN_ABOUT_RETURN_TYPE</key>
				<string>YES_ERROR</string>
				<key>GCC_WARN_UNDECLARED_SELECTOR</key>
				<string>YES</string>
				<key>GCC_WARN_UNINITIALIZED_AUTOS</key>
				<string>YES_AGGRESSIVE</string>
				<key>GCC_WARN_UNUSED_FUNCTION</key>
				<string>YES</string>
				<key>GCC_WARN_UNUSED_VARIABLE</key>
				<string>YES</string>
				<key>LOCALIZATION_PREFERS_STRING_CATALOGS</key>
				<string>YES</string>
				<key>MTL_ENABLE_DEBUG_INFO</key>
				<string>NO</string>
				<key>MTL_FAST_MATH</key>
				<string>YES</string>
				<key>SWIFT_COMPILATION_MODE</key>
				<string>wholemodule</string>
			</dict>
			<key>isa</key>
			<string>XCBuildConfiguration</string>
			<key>name</key>
			<string>Release</string>
		</dict>
		<key>6549FDA12EAD4F5A00FB79B7</key>
		<dict>
			<key>buildConfigurations</key>
			<array>
				<string>6549FDA22EAD4F5A00FB79B7</string>
				<string>6549FDA32EAD4F5A00FB79B7</string>
			</array>
			<key>defaultConfigurationIsVisible</key>
			<string>0</string>
			<key>defaultConfigurationName</key>
			<string>Release</string>
			<key>isa</key>
			<string>XCConfigurationList</string>
		</dict>
		<key>6549FDA22EAD4F5A00FB79B7</key>
		<dict>
			<key>buildSettings</key>
			<dict>
				<key>ASSETCATALOG_COMPILER_APPICON_NAME</key>
				<string>AppIcon</string>
				<key>ASSETCATALOG_COMPILER_GLOBAL_ACCENT_COLOR_NAME</key>
				<string>AccentColor</string>
				<key>CODE_SIGN_ENTITLEMENTS</key>
				<string>pushapp-lock/pushapp_lock.entitlements</string>
				<key>CODE_SIGN_IDENTITY[sdk=macosx*]</key>
				<string>Apple Development</string>
				<key>CODE_SIGN_STYLE</key>
				<string>Automatic</string>
				<key>CURRENT_PROJECT_VERSION</key>
				<string>1</string>
				<key>DEVELOPMENT_TEAM</key>
				<string>WHS495226H</string>
				<key>ENABLE_PREVIEWS</key>
				<string>YES</string>
				<key>GENERATE_INFOPLIST_FILE</key>
				<string>YES</string>
				<key>INFOPLIST_KEY_UIApplicationSceneManifest_Generation[sdk=iphoneos*]</key>
				<string>YES</string>
				<key>INFOPLIST_KEY_UIApplicationSceneManifest_Generation[sdk=iphonesimulator*]</key>
				<string>YES</string>
				<key>INFOPLIST_KEY_UIApplicationSupportsIndirectInputEvents[sdk=iphoneos*]</key>
				<string>YES</string>
				<key>INFOPLIST_KEY_UIApplicationSupportsIndirectInputEvents[sdk=iphonesimulator*]</key>
				<string>YES</string>
				<key>INFOPLIST_KEY_UILaunchScreen_Generation[sdk=iphoneos*]</key>
				<string>YES</string>
				<key>INFOPLIST_KEY_UILaunchScreen_Generation[sdk=iphonesimulator*]</key>
				<string>YES</string>
				<key>INFOPLIST_KEY_UIStatusBarStyle[sdk=iphoneos*]</key>
				<string>UIStatusBarStyleDefault</string>
				<key>INFOPLIST_KEY_UIStatusBarStyle[sdk=iphonesimulator*]</key>
				<string>UIStatusBarStyleDefault</string>
				<key>INFOPLIST_KEY_UISupportedInterfaceOrientations_iPad</key>
				<string>UIInterfaceOrientationPortrait UIInterfaceOrientationPortraitUpsideDown UIInterfaceOrientationLandscapeLeft UIInterfaceOrientationLandscapeRight</string>
				<key>INFOPLIST_KEY_UISupportedInterfaceOrientations_iPhone</key>
				<string>UIInterfaceOrientationPortrait UIInterfaceOrientationLandscapeLeft UIInterfaceOrientationLandscapeRight</string>
				<key>IPHONEOS_DEPLOYMENT_TARGET</key>
				<string>18.4</string>
				<key>LD_RUNPATH_SEARCH_PATHS</key>
				<string>@executable_path/Frameworks</string>
				<key>LD_RUNPATH_SEARCH_PATHS[sdk=macosx*]</key>
				<string>@executable_path/../Frameworks</string>
				<key>MACOSX_DEPLOYMENT_TARGET</key>
				<string>15.4</string>
				<key>MARKETING_VERSION</key>
				<string>1.0</string>
				<key>PRODUCT_BUNDLE_IDENTIFIER</key>
				<string>pushapp.pushapp-lock</string>
				<key>PRODUCT_NAME</key>
				<string>$(TARGET_NAME)</string>
				<key>REGISTER_APP_GROUPS</key>
				<string>YES</string>
				<key>SDKROOT</key>
				<string>auto</string>
				<key>SUPPORTED_PLATFORMS</key>
				<string>iphoneos iphonesimulator macosx xros xrsimulator</string>
				<key>SWIFT_EMIT_LOC_STRINGS</key>
				<string>YES</string>
				<key>SWIFT_VERSION</key>
				<string>5.0</string>
				<key>TARGETED_DEVICE_FAMILY</key>
				<string>1,2,7</string>
				<key>XROS_DEPLOYMENT_TARGET</key>
				<string>2.4</string>
			</dict>
			<key>isa</key>
			<string>XCBuildConfiguration</string>
			<key>name</key>
			<string>Debug</string>
		</dict>
		<key>6549FDA32EAD4F5A00FB79B7</key>
		<dict>
			<key>buildSettings</key>
			<dict>
				<key>ASSETCATALOG_COMPILER_APPICON_NAME</key>
				<string>AppIcon</string>
				<key>ASSETCATALOG_COMPILER_GLOBAL_ACCENT_COLOR_NAME</key>
				<string>AccentColor</string>
				<key>CODE_SIGN_ENTITLEMENTS</key>
				<string>pushapp-lock/pushapp_lock.entitlements</string>
				<key>CODE_SIGN_IDENTITY[sdk=macosx*]</key>
				<string>Apple Development</string>
				<key>CODE_SIGN_STYLE</key>
				<string>Automatic</string>
				<key>CURRENT_PROJECT_VERSION</key>
				<string>1</string>
				<key>DEVELOPMENT_TEAM</key>
				<string>WHS495226H</string>
				<key>ENABLE_PREVIEWS</key>
				<string>YES</string>
				<key>GENERATE_INFOPLIST_FILE</key>
				<string>YES</string>
				<key>INFOPLIST_KEY_UIApplicationSceneManifest_Generation[sdk=iphoneos*]</key>
				<string>YES</string>
				<key>INFOPLIST_KEY_UIApplicationSceneManifest_Generation[sdk=iphonesimulator*]</key>
				<string>YES</string>
				<key>INFOPLIST_KEY_UIApplicationSupportsIndirectInputEvents[sdk=iphoneos*]</key>
				<string>YES</string>
				<key>INFOPLIST_KEY_UIApplicationSupportsIndirectInputEvents[sdk=iphonesimulator*]</key>
				<string>YES</string>
				<key>INFOPLIST_KEY_UILaunchScreen_Generation[sdk=iphoneos*]</key>
				<string>YES</string>
				<key>INFOPLIST_KEY_UILaunchScreen_Generation[sdk=iphonesimulator*]</key>
				<string>YES</string>
				<key>INFOPLIST_KEY_UIStatusBarStyle[sdk=iphoneos*]</key>
				<string>UIStatusBarStyleDefault</string>
				<key>INFOPLIST_KEY_UIStatusBarStyle[sdk=iphonesimulator*]</key>
				<string>UIStatusBarStyleDefault</string>
				<key>INFOPLIST_KEY_UISupportedInterfaceOrientations_iPad</key>
				<string>UIInterfaceOrientationPortrait UIInterfaceOrientationPortraitUpsideDown UIInterfaceOrientationLandscapeLeft UIInterfaceOrientationLandscapeRight</string>
				<key>INFOPLIST_KEY_UISupportedInterfaceOrientations_iPhone</key>
				<string>UIInterfaceOrientationPortrait UIInterfaceOrientationLandscapeLeft UIInterfaceOrientationLandscapeRight</string>
				<key>IPHONEOS_DEPLOYMENT_TARGET</key>
				<string>18.4</string>
				<key>LD_RUNPATH_SEARCH_PATHS</key>
				<string>@executable_path/Frameworks</string>
				<key>LD_RUNPATH_SEARCH_PATHS[sdk=macosx*]</key>
				<string>@executable_path/../Frameworks</string>
				<key>MACOSX_DEPLOYMENT_TARGET</key>
				<string>15.4</string>
				<key>MARKETING_VERSION</key>
				<string>1.0</string>
				<key>PRODUCT_BUNDLE_IDENTIFIER</key>
				<string>pushapp.pushapp-lock</string>
				<key>PRODUCT_NAME</key>
				<string>$(TARGET_NAME)</string>
				<key>REGISTER_APP_GROUPS</key>
				<string>YES</string>
				<key>SDKROOT</key>
				<string>auto</string>
				<key>SUPPORTED_PLATFORMS</key>
				<string>iphoneos iphonesimulator macosx xros xrsimulator</string>
				<key>SWIFT_EMIT_LOC_STRINGS</key>
				<string>YES</string>
				<key>SWIFT_VERSION</key>
				<string>5.0</string>
				<key>TARGETED_DEVICE_FAMILY</key>
				<string>1,2,7</string>
				<key>XROS_DEPLOYMENT_TARGET</key>
				<string>2.4</string>
			</dict>
			<key>isa</key>
			<string>XCBuildConfiguration</string>
			<key>name</key>
			<string>Release</string>
		</dict>
		<key>6549FDA42EAD4F5A00FB79B7</key>
		<dict>
			<key>buildConfigurations</key>
			<array>
				<string>6549FDA52EAD4F5A00FB79B7</string>
				<string>6549FDA62EAD4F5A00FB79B7</string>
			</array>
			<key>defaultConfigurationIsVisible</key>
			<string>0</string>
			<key>defaultConfigurationName</key>
			<string>Release</string>
			<key>isa</key>
			<string>XCConfigurationList</string>
		</dict>
		<key>6549FDA52EAD4F5A00FB79B7</key>
		<dict>
			<key>buildSettings</key>
			<dict>
				<key>BUNDLE_LOADER</key>
				<string>$(TEST_HOST)</string>
				<key>CODE_SIGN_STYLE</key>
				<string>Automatic</string>
				<key>CURRENT_PROJECT_VERSION</key>
				<string>1</string>
				<key>GENERATE_INFOPLIST_FILE</key>
				<string>YES</string>
				<key>IPHONEOS_DEPLOYMENT_TARGET</key>
				<string>18.4</string>
				<key>MACOSX_DEPLOYMENT_TARGET</key>
				<string>15.4</string>
				<key>MARKETING_VERSION</key>
				<string>1.0</string>
				<key>PRODUCT_BUNDLE_IDENTIFIER</key>
				<string>pushapp.pushapp-lockTests</string>
				<key>PRODUCT_NAME</key>
				<string>$(TARGET_NAME)</string>
				<key>SDKROOT</key>
				<string>auto</string>
				<key>SUPPORTED_PLATFORMS</key>
				<string>iphoneos iphonesimulator macosx xros xrsimulator</string>
				<key>SWIFT_EMIT_LOC_STRINGS</key>
				<string>NO</string>
				<key>SWIFT_VERSION</key>
				<string>5.0</string>
				<key>TARGETED_DEVICE_FAMILY</key>
				<string>1,2,7</string>
				<key>TEST_HOST</key>
				<string>$(BUILT_PRODUCTS_DIR)/pushapp-lock.app/$(BUNDLE_EXECUTABLE_FOLDER_PATH)/pushapp-lock</string>
				<key>XROS_DEPLOYMENT_TARGET</key>
				<string>2.4</string>
			</dict>
			<key>isa</key>
			<string>XCBuildConfiguration</string>
			<key>name</key>
			<string>Debug</string>
		</dict>
		<key>6549FDA62EAD4F5A00FB79B7</key>
		<dict>
			<key>buildSettings</key>
			<dict>
				<key>BUNDLE_LOADER</key>
				<string>$(TEST_HOST)</string>
				<key>CODE_SIGN_STYLE</key>
				<string>Automatic</string>
				<key>CURRENT_PROJECT_VERSION</key>
				<string>1</string>
				<key>GENERATE_INFOPLIST_FILE</key>
				<string>YES</string>
				<key>IPHONEOS_DEPLOYMENT_TARGET</key>
				<string>18.4</string>
				<key>MACOSX_DEPLOYMENT_TARGET</key>
				<string>15.4</string>
				<key>MARKETING_VERSION</key>
				<string>1.0</string>
				<key>PRODUCT_BUNDLE_IDENTIFIER</key>
				<string>pushapp.pushapp-lockTests</string>
				<key>PRODUCT_NAME</key>
				<string>$(TARGET_NAME)</string>
				<key>SDKROOT</key>
				<string>auto</string>
				<key>SUPPORTED_PLATFORMS</key>
				<string>iphoneos iphonesimulator macosx xros xrsimulator</string>
				<key>SWIFT_EMIT_LOC_STRINGS</key>
				<string>NO</string>
				<key>SWIFT_VERSION</key>
				<string>5.0</string>
				<key>TARGETED_DEVICE_FAMILY</key>
				<string>1,2,7</string>
				<key>TEST_HOST</key>
				<string>$(BUILT_PRODUCTS_DIR)/pushapp-lock.app/$(BUNDLE_EXECUTABLE_FOLDER_PATH)/pushapp-lock</string>
				<key>XROS_DEPLOYMENT_TARGET</key>
				<string>2.4</string>
			</dict>
			<key>isa</key>
			<string>XCBuildConfiguration</string>
			<key>name</key>
			<string>Release</string>
		</dict>
		<key>6549FDA72EAD4F5A00FB79B7</key>
		<dict>
			<key>buildConfigurations</key>
			<array>
				<string>6549FDA82EAD4F5A00FB79B7</string>
				<string>6549FDA92EAD4F5A00FB79B7</string>
			</array>
			<key>defaultConfigurationIsVisible</key>
			<string>0</string>
			<key>defaultConfigurationName</key>
			<string>Release</string>
			<key>isa</key>
			<string>XCConfigurationList</string>
		</dict>
		<key>6549FDA82EAD4F5A00FB79B7</key>
		<dict>
			<key>buildSettings</key>
			<dict>
				<key>CODE_SIGN_STYLE</key>
				<string>Automatic</string>
				<key>CURRENT_PROJECT_VERSION</key>
				<string>1</string>
				<key>GENERATE_INFOPLIST_FILE</key>
				<string>YES</string>
				<key>IPHONEOS_DEPLOYMENT_TARGET</key>
				<string>18.4</string>
				<key>MACOSX_DEPLOYMENT_TARGET</key>
				<string>15.4</string>
				<key>MARKETING_VERSION</key>
				<string>1.0</string>
				<key>PRODUCT_BUNDLE_IDENTIFIER</key>
				<string>pushapp.pushapp-lockUITests</string>
				<key>PRODUCT_NAME</key>
				<string>$(TARGET_NAME)</string>
				<key>SDKROOT</key>
				<string>auto</string>
				<key>SUPPORTED_PLATFORMS</key>
				<string>iphoneos iphonesimulator macosx xros xrsimulator</string>
				<key>SWIFT_EMIT_LOC_STRINGS</key>
				<string>NO</string>
				<key>SWIFT_VERSION</key>
				<string>5.0</string>
				<key>TARGETED_DEVICE_FAMILY</key>
				<string>1,2,7</string>
				<key>TEST_TARGET_NAME</key>
				<string>pushapp-lock</string>
				<key>XROS_DEPLOYMENT_TARGET</key>
				<string>2.4</string>
			</dict>
			<key>isa</key>
			<string>XCBuildConfiguration</string>
			<key>name</key>
			<string>Debug</string>
		</dict>
		<key>6549FDA92EAD4F5A00FB79B7</key>
		<dict>
			<key>buildSettings</key>
			<dict>
				<key>CODE_SIGN_STYLE</key>
				<string>Automatic</string>
				<key>CURRENT_PROJECT_VERSION</key>
				<string>1</string>
				<key>GENERATE_INFOPLIST_FILE</key>
				<string>YES</string>
				<key>IPHONEOS_DEPLOYMENT_TARGET</key>
				<string>18.4</string>
				<key>MACOSX_DEPLOYMENT_TARGET</key>
				<string>15.4</string>
				<key>MARKETING_VERSION</key>
				<string>1.0</string>
				<key>PRODUCT_BUNDLE_IDENTIFIER</key>
				<string>pushapp.pushapp-lockUITests</string>
				<key>PRODUCT_NAME</key>
				<string>$(TARGET_NAME)</string>
				<key>SDKROOT</key>
				<string>auto</string>
				<key>SUPPORTED_PLATFORMS</key>
				<string>iphoneos iphonesimulator macosx xros xrsimulator</string>
				<key>SWIFT_EMIT_LOC_STRINGS</key>
				<string>NO</string>
				<key>SWIFT_VERSION</key>
				<string>5.0</string>
				<key>TARGETED_DEVICE_FAMILY</key>
				<string>1,2,7</string>
				<key>TEST_TARGET_NAME</key>
				<string>pushapp-lock</string>
				<key>XROS_DEPLOYMENT_TARGET</key>
				<string>2.4</string>
			</dict>
			<key>isa</key>
			<string>XCBuildConfiguration</string>
			<key>name</key>
			<string>Release</string>
		</dict>
	</dict>
	<key>rootObject</key>
	<string>6549FD772EAD4F5900FB79B7</string>
</dict>
</plist>
